
Microsoft Visual Studio Solution File, Format Version 12.00
# Visual Studio 15
VisualStudioVersion = 15.0.28010.2036
MinimumVisualStudioVersion = 10.0.40219.1
Project("{FAE04EC0-301F-11D3-BF4B-00C04F79EFBC}") = "Game_2048", "Game_2048\Game_2048.csproj", "{BDD8CE5B-80C3-4691-AACD-CDF7D12CE672}"
EndProject
Project("{FAE04EC0-301F-11D3-BF4B-00C04F79EFBC}") = "GameModel", "GameModel\GameModel.csproj", "{451A86E0-E370-45FA-9283-6B1FF1612287}"
EndProject
Global
	GlobalSection(SolutionConfigurationPlatforms) = preSolution
		Debug|Any CPU = Debug|Any CPU
		Release|Any CPU = Release|Any CPU
	EndGlobalSection
	GlobalSection(ProjectConfigurationPlatforms) = postSolution
		{BDD8CE5B-80C3-4691-AACD-CDF7D12CE672}.Debug|Any CPU.ActiveCfg = Debug|Any CPU
		{BDD8CE5B-80C3-4691-AACD-CDF7D12CE672}.Debug|Any CPU.Build.0 = Debug|Any CPU
		{BDD8CE5B-80C3-4691-AACD-CDF7D12CE672}.Release|Any CPU.ActiveCfg = Release|Any CPU
		{BDD8CE5B-80C3-4691-AACD-CDF7D12CE672}.Release|Any CPU.Build.0 = Release|Any CPU
		{451A86E0-E370-45FA-9283-6B1FF1612287}.Debug|Any CPU.ActiveCfg = Debug|Any CPU
		{451A86E0-E370-45FA-9283-6B1FF1612287}.Debug|Any CPU.Build.0 = Debug|Any CPU
		{451A86E0-E370-45FA-9283-6B1FF1612287}.Release|Any CPU.ActiveCfg = Release|Any CPU
		{451A86E0-E370-45FA-9283-6B1FF1612287}.Release|Any CPU.Build.0 = Release|Any CPU
	EndGlobalSection
	GlobalSection(SolutionProperties) = preSolution
		HideSolutionNode = FALSE
	EndGlobalSection
	GlobalSection(ExtensibilityGlobals) = postSolution
		SolutionGuid = {E955AC1F-FB95-440F-B2F4-2669C993ABC3}
	EndGlobalSection
EndGlobal
